
Microsoft Visual Studio Solution File, Format Version 12.00
# Visual Studio 14
VisualStudioVersion = 14.0.25420.1
MinimumVisualStudioVersion = 10.0.40219.1
Project("{2150E333-8FDC-42A3-9474-1A3956D46DE8}") = "src", "src", "{3679C53B-6711-4562-9363-D9CAA9B83856}"
EndProject
Project("{2150E333-8FDC-42A3-9474-1A3956D46DE8}") = "Solution Items", "Solution Items", "{8BD52792-C84D-4E83-BAA0-75D08276157C}"
	ProjectSection(SolutionItems) = preProject
		.travis.yml = .travis.yml
		build.sh = build.sh
		docker-compose.yml = docker-compose.yml
		global.json = global.json
	EndProjectSection
EndProject
Project("{8BB2217D-0F2D-49D1-97BC-3654ED321F3B}") = "AliseeksApi", "src\AliseeksApi\AliseeksApi.xproj", "{4AA75EB2-588D-41B8-830D-F641C7FFC571}"
EndProject
Project("{2150E333-8FDC-42A3-9474-1A3956D46DE8}") = "tests", "tests", "{1AF13C2E-532C-430B-9681-6DE4FD803C75}"
EndProject
Project("{8BB2217D-0F2D-49D1-97BC-3654ED321F3B}") = "AliseeksApi.UnitTests", "tests\AliseeksApi.UnitTests\AliseeksApi.UnitTests.xproj", "{282ABC22-9F57-4934-A05F-0ACB3291BEAE}"
EndProject
Project("{8BB2217D-0F2D-49D1-97BC-3654ED321F3B}") = "AliseeksApi.IntegrationTests", "tests\AliseeksApi.IntegrationTests\AliseeksApi.IntegrationTests.xproj", "{32BEBAFF-DE6B-41D8-A8CB-D7B9500402B6}"
EndProject
Project("{8BB2217D-0F2D-49D1-97BC-3654ED321F3B}") = "AliseeksCaching", "AliseeksCaching\AliseeksCaching.xproj", "{A2B9BAE2-50CB-4215-ABC6-5146AB2D8824}"
EndProject
Global
	GlobalSection(SolutionConfigurationPlatforms) = preSolution
		Debug|Any CPU = Debug|Any CPU
		Release|Any CPU = Release|Any CPU
	EndGlobalSection
	GlobalSection(ProjectConfigurationPlatforms) = postSolution
		{4AA75EB2-588D-41B8-830D-F641C7FFC571}.Debug|Any CPU.ActiveCfg = Debug|Any CPU
		{4AA75EB2-588D-41B8-830D-F641C7FFC571}.Debug|Any CPU.Build.0 = Debug|Any CPU
		{4AA75EB2-588D-41B8-830D-F641C7FFC571}.Release|Any CPU.ActiveCfg = Release|Any CPU
		{4AA75EB2-588D-41B8-830D-F641C7FFC571}.Release|Any CPU.Build.0 = Release|Any CPU
		{282ABC22-9F57-4934-A05F-0ACB3291BEAE}.Debug|Any CPU.ActiveCfg = Debug|Any CPU
		{282ABC22-9F57-4934-A05F-0ACB3291BEAE}.Debug|Any CPU.Build.0 = Debug|Any CPU
		{282ABC22-9F57-4934-A05F-0ACB3291BEAE}.Release|Any CPU.ActiveCfg = Release|Any CPU
		{282ABC22-9F57-4934-A05F-0ACB3291BEAE}.Release|Any CPU.Build.0 = Release|Any CPU
		{32BEBAFF-DE6B-41D8-A8CB-D7B9500402B6}.Debug|Any CPU.ActiveCfg = Debug|Any CPU
		{32BEBAFF-DE6B-41D8-A8CB-D7B9500402B6}.Debug|Any CPU.Build.0 = Debug|Any CPU
		{32BEBAFF-DE6B-41D8-A8CB-D7B9500402B6}.Release|Any CPU.ActiveCfg = Release|Any CPU
		{32BEBAFF-DE6B-41D8-A8CB-D7B9500402B6}.Release|Any CPU.Build.0 = Release|Any CPU
		{A2B9BAE2-50CB-4215-ABC6-5146AB2D8824}.Debug|Any CPU.ActiveCfg = Debug|Any CPU
		{A2B9BAE2-50CB-4215-ABC6-5146AB2D8824}.Debug|Any CPU.Build.0 = Debug|Any CPU
		{A2B9BAE2-50CB-4215-ABC6-5146AB2D8824}.Release|Any CPU.ActiveCfg = Release|Any CPU
		{A2B9BAE2-50CB-4215-ABC6-5146AB2D8824}.Release|Any CPU.Build.0 = Release|Any CPU
	EndGlobalSection
	GlobalSection(SolutionProperties) = preSolution
		HideSolutionNode = FALSE
	EndGlobalSection
	GlobalSection(NestedProjects) = preSolution
		{4AA75EB2-588D-41B8-830D-F641C7FFC571} = {3679C53B-6711-4562-9363-D9CAA9B83856}
		{282ABC22-9F57-4934-A05F-0ACB3291BEAE} = {1AF13C2E-532C-430B-9681-6DE4FD803C75}
		{32BEBAFF-DE6B-41D8-A8CB-D7B9500402B6} = {1AF13C2E-532C-430B-9681-6DE4FD803C75}
		{A2B9BAE2-50CB-4215-ABC6-5146AB2D8824} = {3679C53B-6711-4562-9363-D9CAA9B83856}
	EndGlobalSection
EndGlobal
